
Microsoft Visual Studio Solution File, Format Version 11.00
# Visual Studio 2010
Project("{FAE04EC0-301F-11D3-BF4B-00C04F79EFBC}") = "Assembly-CSharp", "Assembly-CSharp.csproj", "{129931f6-44df-cea4-6356-3a03ac6f2255}"
EndProject
Project("{FAE04EC0-301F-11D3-BF4B-00C04F79EFBC}") = "Assembly-CSharp-Editor", "Assembly-CSharp-Editor.csproj", "{5a6c4b0c-dc9d-0e14-1247-77093293f685}"
EndProject
Global
	GlobalSection(SolutionConfigurationPlatforms) = preSolution
		Debug|Any CPU = Debug|Any CPU
	EndGlobalSection
	GlobalSection(ProjectConfigurationPlatforms) = postSolution
		{129931f6-44df-cea4-6356-3a03ac6f2255}.Debug|Any CPU.ActiveCfg = Debug|Any CPU
		{129931f6-44df-cea4-6356-3a03ac6f2255}.Debug|Any CPU.Build.0 = Debug|Any CPU
		{5a6c4b0c-dc9d-0e14-1247-77093293f685}.Debug|Any CPU.ActiveCfg = Debug|Any CPU
		{5a6c4b0c-dc9d-0e14-1247-77093293f685}.Debug|Any CPU.Build.0 = Debug|Any CPU
	EndGlobalSection
	GlobalSection(SolutionProperties) = preSolution
		HideSolutionNode = FALSE
	EndGlobalSection
EndGlobal
